
Microsoft Visual Studio Solution File, Format Version 12.00
# Visual Studio Version 17
VisualStudioVersion = 17.3.32825.248
MinimumVisualStudioVersion = 10.0.40219.1
Project("{FAE04EC0-301F-11D3-BF4B-00C04F79EFBC}") = "WILD.Blender", "WILD.Blender\WILD.Blender.csproj", "{997D105F-2845-424A-83D1-CCFE39EDF812}"
EndProject
Global
	GlobalSection(SolutionConfigurationPlatforms) = preSolution
		Debug|Any CPU = Debug|Any CPU
		Release|Any CPU = Release|Any CPU
	EndGlobalSection
	GlobalSection(ProjectConfigurationPlatforms) = postSolution
		{997D105F-2845-424A-83D1-CCFE39EDF812}.Debug|Any CPU.ActiveCfg = Debug|Any CPU
		{997D105F-2845-424A-83D1-CCFE39EDF812}.Debug|Any CPU.Build.0 = Debug|Any CPU
		{997D105F-2845-424A-83D1-CCFE39EDF812}.Release|Any CPU.ActiveCfg = Release|Any CPU
		{997D105F-2845-424A-83D1-CCFE39EDF812}.Release|Any CPU.Build.0 = Release|Any CPU
	EndGlobalSection
	GlobalSection(SolutionProperties) = preSolution
		HideSolutionNode = FALSE
	EndGlobalSection
	GlobalSection(ExtensibilityGlobals) = postSolution
		SolutionGuid = {94F1237D-9CD1-45E4-8077-64F456715252}
	EndGlobalSection
EndGlobal
